
Microsoft Visual Studio Solution File, Format Version 12.00
# Visual Studio Version 17
VisualStudioVersion = 17.0.31903.59
MinimumVisualStudioVersion = 10.0.40219.1
Project("{FAE04EC0-301F-11D3-BF4B-00C04F79EFBC}") = "RecordingsHelper", "RecordingsHelper\RecordingsHelper.csproj", "{96338D31-C83E-4610-BD03-2502F91F5309}"
EndProject
Project("{FAE04EC0-301F-11D3-BF4B-00C04F79EFBC}") = "RecordingsHelper.Core", "RecordingsHelper.Core\RecordingsHelper.Core.csproj", "{E9FD7EA4-C585-484F-A394-8985094A6E3F}"
EndProject
Project("{FAE04EC0-301F-11D3-BF4B-00C04F79EFBC}") = "RecordingsHelper.WPF", "RecordingsHelper.WPF\RecordingsHelper.WPF.csproj", "{A2E68667-C84F-4A19-A3B7-88A52DAAB9B0}"
EndProject
Global
	GlobalSection(SolutionConfigurationPlatforms) = preSolution
		Debug|Any CPU = Debug|Any CPU
		Debug|x64 = Debug|x64
		Debug|x86 = Debug|x86
		Release|Any CPU = Release|Any CPU
		Release|x64 = Release|x64
		Release|x86 = Release|x86
	EndGlobalSection
	GlobalSection(ProjectConfigurationPlatforms) = postSolution
		{96338D31-C83E-4610-BD03-2502F91F5309}.Debug|Any CPU.ActiveCfg = Debug|Any CPU
		{96338D31-C83E-4610-BD03-2502F91F5309}.Debug|Any CPU.Build.0 = Debug|Any CPU
		{96338D31-C83E-4610-BD03-2502F91F5309}.Debug|x64.ActiveCfg = Debug|Any CPU
		{96338D31-C83E-4610-BD03-2502F91F5309}.Debug|x64.Build.0 = Debug|Any CPU
		{96338D31-C83E-4610-BD03-2502F91F5309}.Debug|x86.ActiveCfg = Debug|Any CPU
		{96338D31-C83E-4610-BD03-2502F91F5309}.Debug|x86.Build.0 = Debug|Any CPU
		{96338D31-C83E-4610-BD03-2502F91F5309}.Release|Any CPU.ActiveCfg = Release|Any CPU
		{96338D31-C83E-4610-BD03-2502F91F5309}.Release|Any CPU.Build.0 = Release|Any CPU
		{96338D31-C83E-4610-BD03-2502F91F5309}.Release|x64.ActiveCfg = Release|Any CPU
		{96338D31-C83E-4610-BD03-2502F91F5309}.Release|x64.Build.0 = Release|Any CPU
		{96338D31-C83E-4610-BD03-2502F91F5309}.Release|x86.ActiveCfg = Release|Any CPU
		{96338D31-C83E-4610-BD03-2502F91F5309}.Release|x86.Build.0 = Release|Any CPU
		{E9FD7EA4-C585-484F-A394-8985094A6E3F}.Debug|Any CPU.ActiveCfg = Debug|Any CPU
		{E9FD7EA4-C585-484F-A394-8985094A6E3F}.Debug|Any CPU.Build.0 = Debug|Any CPU
		{E9FD7EA4-C585-484F-A394-8985094A6E3F}.Debug|x64.ActiveCfg = Debug|Any CPU
		{E9FD7EA4-C585-484F-A394-8985094A6E3F}.Debug|x64.Build.0 = Debug|Any CPU
		{E9FD7EA4-C585-484F-A394-8985094A6E3F}.Debug|x86.ActiveCfg = Debug|Any CPU
		{E9FD7EA4-C585-484F-A394-8985094A6E3F}.Debug|x86.Build.0 = Debug|Any CPU
		{E9FD7EA4-C585-484F-A394-8985094A6E3F}.Release|Any CPU.ActiveCfg = Release|Any CPU
		{E9FD7EA4-C585-484F-A394-8985094A6E3F}.Release|Any CPU.Build.0 = Release|Any CPU
		{E9FD7EA4-C585-484F-A394-8985094A6E3F}.Release|x64.ActiveCfg = Release|Any CPU
		{E9FD7EA4-C585-484F-A394-8985094A6E3F}.Release|x64.Build.0 = Release|Any CPU
		{E9FD7EA4-C585-484F-A394-8985094A6E3F}.Release|x86.ActiveCfg = Release|Any CPU
		{E9FD7EA4-C585-484F-A394-8985094A6E3F}.Release|x86.Build.0 = Release|Any CPU
		{A2E68667-C84F-4A19-A3B7-88A52DAAB9B0}.Debug|Any CPU.ActiveCfg = Debug|Any CPU
		{A2E68667-C84F-4A19-A3B7-88A52DAAB9B0}.Debug|Any CPU.Build.0 = Debug|Any CPU
		{A2E68667-C84F-4A19-A3B7-88A52DAAB9B0}.Debug|x64.ActiveCfg = Debug|Any CPU
		{A2E68667-C84F-4A19-A3B7-88A52DAAB9B0}.Debug|x64.Build.0 = Debug|Any CPU
		{A2E68667-C84F-4A19-A3B7-88A52DAAB9B0}.Debug|x86.ActiveCfg = Debug|Any CPU
		{A2E68667-C84F-4A19-A3B7-88A52DAAB9B0}.Debug|x86.Build.0 = Debug|Any CPU
		{A2E68667-C84F-4A19-A3B7-88A52DAAB9B0}.Release|Any CPU.ActiveCfg = Release|Any CPU
		{A2E68667-C84F-4A19-A3B7-88A52DAAB9B0}.Release|Any CPU.Build.0 = Release|Any CPU
		{A2E68667-C84F-4A19-A3B7-88A52DAAB9B0}.Release|x64.ActiveCfg = Release|Any CPU
		{A2E68667-C84F-4A19-A3B7-88A52DAAB9B0}.Release|x64.Build.0 = Release|Any CPU
		{A2E68667-C84F-4A19-A3B7-88A52DAAB9B0}.Release|x86.ActiveCfg = Release|Any CPU
		{A2E68667-C84F-4A19-A3B7-88A52DAAB9B0}.Release|x86.Build.0 = Release|Any CPU
	EndGlobalSection
	GlobalSection(SolutionProperties) = preSolution
		HideSolutionNode = FALSE
	EndGlobalSection
EndGlobal
